// !$*UTF8*$!
{
	archiveVersion = 1;
	classes = {
	};
	objectVersion = 46;
	objects = {

/* Begin PBXBuildFile section */
		9D00C0D618813AED002A6E3E /* check-box-disable.png in Resources */ = {isa = PBXBuildFile; fileRef = 9D00C0D518813AED002A6E3E /* check-box-disable.png */; };
		9D00C0D818813AF4002A6E3E /* check-box.png in Resources */ = {isa = PBXBuildFile; fileRef = 9D00C0D718813AF4002A6E3E /* check-box.png */; };
		9D00C0DA18813C44002A6E3E /* text-box.png in Resources */ = {isa = PBXBuildFile; fileRef = 9D00C0D918813C44002A6E3E /* text-box.png */; };
		9D00C0DD18815316002A6E3E /* ContactGetSelectMethodViewController.m in Sources */ = {isa = PBXBuildFile; fileRef = 9D00C0DC18815316002A6E3E /* ContactGetSelectMethodViewController.m */; };
		9D05B2601881F82300FD497D /* ContactReceivedViewController.m in Sources */ = {isa = PBXBuildFile; fileRef = 9D05B25F1881F82300FD497D /* ContactReceivedViewController.m */; };
		9D05B2631881FC7C00FD497D /* inbox-ixon.png in Resources */ = {isa = PBXBuildFile; fileRef = 9D05B2621881FC7C00FD497D /* inbox-ixon.png */; };
		9D05B2651881FE0200FD497D /* arrow.png in Resources */ = {isa = PBXBuildFile; fileRef = 9D05B2641881FE0200FD497D /* arrow.png */; };
		9D05B26818820BF500FD497D /* ContactDetailesViewController.m in Sources */ = {isa = PBXBuildFile; fileRef = 9D05B26718820BF500FD497D /* ContactDetailesViewController.m */; };
		9D05B26B18820CEF00FD497D /* logount-icon.png in Resources */ = {isa = PBXBuildFile; fileRef = 9D05B26A18820CEF00FD497D /* logount-icon.png */; };
		9D05B26D188213B000FD497D /* text=area.png in Resources */ = {isa = PBXBuildFile; fileRef = 9D05B26C188213B000FD497D /* text=area.png */; };
		9D0742641877DAD80046DA0B /* Header-logo.png in Resources */ = {isa = PBXBuildFile; fileRef = 9D0742631877DAD80046DA0B /* Header-logo.png */; };
		9D0EFF29187884A9002A22CB /* SendContactsViewController.m in Sources */ = {isa = PBXBuildFile; fileRef = 9D0EFF28187884A9002A22CB /* SendContactsViewController.m */; };
		9D0EFF2B18788841002A22CB /* back-button.png in Resources */ = {isa = PBXBuildFile; fileRef = 9D0EFF2A18788841002A22CB /* back-button.png */; };
		9D3A3965187E51C4002ABE81 /* SelectRecipientsViewController.m in Sources */ = {isa = PBXBuildFile; fileRef = 9D3A3964187E51C4002ABE81 /* SelectRecipientsViewController.m */; };
		9D3A3967187E6D15002ABE81 /* send-to-icon.png in Resources */ = {isa = PBXBuildFile; fileRef = 9D3A3966187E6D15002ABE81 /* send-to-icon.png */; };
		9D3A3969187E6D1A002ABE81 /* header-bg.png in Resources */ = {isa = PBXBuildFile; fileRef = 9D3A3968187E6D1A002ABE81 /* header-bg.png */; };
		9D3A396B187E6D21002ABE81 /* add-note-box.png in Resources */ = {isa = PBXBuildFile; fileRef = 9D3A396A187E6D21002ABE81 /* add-note-box.png */; };
		9D3A396D187E6D28002ABE81 /* add-icon.png in Resources */ = {isa = PBXBuildFile; fileRef = 9D3A396C187E6D28002ABE81 /* add-icon.png */; };
		9D3F4CA41886DBD60078257D /* KxMenu.m in Sources */ = {isa = PBXBuildFile; fileRef = 9D3F4CA31886DBD60078257D /* KxMenu.m */; };
		9D3F4CA71886E47D0078257D /* ContactBackUpViewController.m in Sources */ = {isa = PBXBuildFile; fileRef = 9D3F4CA61886E47D0078257D /* ContactBackUpViewController.m */; };
		9D477ACA187A64030012EBB0 /* search-box-1.png in Resources */ = {isa = PBXBuildFile; fileRef = 9D477AC9187A64030012EBB0 /* search-box-1.png */; };
		9D5797581877A632007BCF2E /* button-bg.png in Resources */ = {isa = PBXBuildFile; fileRef = 9D5797571877A632007BCF2E /* button-bg.png */; };
		9D7C8BCC1877DDE90053BE91 /* setting-icon.png in Resources */ = {isa = PBXBuildFile; fileRef = 9D7C8BCB1877DDE80053BE91 /* setting-icon.png */; };
		9D7C8BCE1877E2AB0053BE91 /* send-contacts-icon.png in Resources */ = {isa = PBXBuildFile; fileRef = 9D7C8BCD1877E2AB0053BE91 /* send-contacts-icon.png */; };
		9D7C8BD01877E5140053BE91 /* sent-icon.png in Resources */ = {isa = PBXBuildFile; fileRef = 9D7C8BCF1877E5140053BE91 /* sent-icon.png */; };
		9D7C8BD21877E6730053BE91 /* recieved-icon.png in Resources */ = {isa = PBXBuildFile; fileRef = 9D7C8BD11877E6730053BE91 /* recieved-icon.png */; };
		9D8F7A4F1885BF310094BE0F /* popbtn.png in Resources */ = {isa = PBXBuildFile; fileRef = 9D8F7A4E1885BF310094BE0F /* popbtn.png */; };
		9D9152D4187730A900890E70 /* bulk-contacts-icon.png in Resources */ = {isa = PBXBuildFile; fileRef = 9D9152D3187730A900890E70 /* bulk-contacts-icon.png */; };
		9D9152D61877329600890E70 /* get-contacts.png in Resources */ = {isa = PBXBuildFile; fileRef = 9D9152D51877329600890E70 /* get-contacts.png */; };
		9DEDEE04187C531300C809F9 /* cehck-box-active.png in Resources */ = {isa = PBXBuildFile; fileRef = 9DEDEE03187C531300C809F9 /* cehck-box-active.png */; };
		9DEDEE06187C531900C809F9 /* check-box-inactive.png in Resources */ = {isa = PBXBuildFile; fileRef = 9DEDEE05187C531900C809F9 /* check-box-inactive.png */; };
		9DEDEE08187C5ACC00C809F9 /* edit-icon.png in Resources */ = {isa = PBXBuildFile; fileRef = 9DEDEE07187C5ACC00C809F9 /* edit-icon.png */; };
		9DEDEE0B187C782A00C809F9 /* SelectContact toShareViewController.m in Sources */ = {isa = PBXBuildFile; fileRef = 9DEDEE0A187C782A00C809F9 /* SelectContact toShareViewController.m */; };
		9DEDEE0D187C80DB00C809F9 /* button-bg1.png in Resources */ = {isa = PBXBuildFile; fileRef = 9DEDEE0C187C80DB00C809F9 /* button-bg1.png */; };
		9DEDEE0F187C879100C809F9 /* cancel.png in Resources */ = {isa = PBXBuildFile; fileRef = 9DEDEE0E187C879100C809F9 /* cancel.png */; };
		9DEDEE11187C879B00C809F9 /* done.png in Resources */ = {isa = PBXBuildFile; fileRef = 9DEDEE10187C879A00C809F9 /* done.png */; };
		9DEDEE14187C8C7E00C809F9 /* SelectShareMethodViewController.m in Sources */ = {isa = PBXBuildFile; fileRef = 9DEDEE13187C8C7E00C809F9 /* SelectShareMethodViewController.m */; };
		9DEDEE17187C8CAE00C809F9 /* ContactShareViaIDViewController.m in Sources */ = {isa = PBXBuildFile; fileRef = 9DEDEE16187C8CAE00C809F9 /* ContactShareViaIDViewController.m */; };
		9DF5DDBD187FB14B008B8AB7 /* shareimg.png in Resources */ = {isa = PBXBuildFile; fileRef = 9DF5DDBC187FB14B008B8AB7 /* shareimg.png */; };
		9DF749821875E70100CBB110 /* Foundation.framework in Frameworks */ = {isa = PBXBuildFile; fileRef = 9DF749811875E70100CBB110 /* Foundation.framework */; };
		9DF749841875E70100CBB110 /* CoreGraphics.framework in Frameworks */ = {isa = PBXBuildFile; fileRef = 9DF749831875E70100CBB110 /* CoreGraphics.framework */; };
		9DF749861875E70100CBB110 /* UIKit.framework in Frameworks */ = {isa = PBXBuildFile; fileRef = 9DF749851875E70100CBB110 /* UIKit.framework */; };
		9DF7498C1875E70100CBB110 /* InfoPlist.strings in Resources */ = {isa = PBXBuildFile; fileRef = 9DF7498A1875E70100CBB110 /* InfoPlist.strings */; };
		9DF7498E1875E70100CBB110 /* main.m in Sources */ = {isa = PBXBuildFile; fileRef = 9DF7498D1875E70100CBB110 /* main.m */; };
		9DF749921875E70100CBB110 /* ContactAppDelegate.m in Sources */ = {isa = PBXBuildFile; fileRef = 9DF749911875E70100CBB110 /* ContactAppDelegate.m */; };
		9DF749941875E70100CBB110 /* Images.xcassets in Resources */ = {isa = PBXBuildFile; fileRef = 9DF749931875E70100CBB110 /* Images.xcassets */; };
		9DF7499B1875E70200CBB110 /* XCTest.framework in Frameworks */ = {isa = PBXBuildFile; fileRef = 9DF7499A1875E70100CBB110 /* XCTest.framework */; };
		9DF7499C1875E70200CBB110 /* Foundation.framework in Frameworks */ = {isa = PBXBuildFile; fileRef = 9DF749811875E70100CBB110 /* Foundation.framework */; };
		9DF7499D1875E70200CBB110 /* UIKit.framework in Frameworks */ = {isa = PBXBuildFile; fileRef = 9DF749851875E70100CBB110 /* UIKit.framework */; };
		9DF749A51875E70200CBB110 /* InfoPlist.strings in Resources */ = {isa = PBXBuildFile; fileRef = 9DF749A31875E70200CBB110 /* InfoPlist.strings */; };
		9DF749A71875E70200CBB110 /* ContactJumpTests.m in Sources */ = {isa = PBXBuildFile; fileRef = 9DF749A61875E70200CBB110 /* ContactJumpTests.m */; };
		9DF749B21875E73A00CBB110 /* ContactMainViewController.m in Sources */ = {isa = PBXBuildFile; fileRef = 9DF749B11875E73A00CBB110 /* ContactMainViewController.m */; };
		9DF749B51875E9E700CBB110 /* Min-bg.png in Resources */ = {isa = PBXBuildFile; fileRef = 9DF749B41875E9E700CBB110 /* Min-bg.png */; };
		9DF749B71875EFDA00CBB110 /* seprator.png in Resources */ = {isa = PBXBuildFile; fileRef = 9DF749B61875EFDA00CBB110 /* seprator.png */; };
		DF4CDCAF188E58A3000B0075 /* ContactsSentViewController.m in Sources */ = {isa = PBXBuildFile; fileRef = DF4CDCAE188E58A3000B0075 /* ContactsSentViewController.m */; };
		DF4CDCB2188E5B94000B0075 /* ContacsSentDetailsViewController.m in Sources */ = {isa = PBXBuildFile; fileRef = DF4CDCB1188E5B94000B0075 /* ContacsSentDetailsViewController.m */; };
		DF4CDCB5188E7234000B0075 /* AddressBook.framework in Frameworks */ = {isa = PBXBuildFile; fileRef = DF4CDCB3188E7234000B0075 /* AddressBook.framework */; };
		DF4CDCB6188E7234000B0075 /* AddressBookUI.framework in Frameworks */ = {isa = PBXBuildFile; fileRef = DF4CDCB4188E7234000B0075 /* AddressBookUI.framework */; };
		DF4CDCB9188E779B000B0075 /* ContactGlobalDataClass.m in Sources */ = {isa = PBXBuildFile; fileRef = DF4CDCB8188E779B000B0075 /* ContactGlobalDataClass.m */; };
/* End PBXBuildFile section */

/* Begin PBXContainerItemProxy section */
		9DF7499E1875E70200CBB110 /* PBXContainerItemProxy */ = {
			isa = PBXContainerItemProxy;
			containerPortal = 9DF749761875E70100CBB110 /* Project object */;
			proxyType = 1;
			remoteGlobalIDString = 9DF7497D1875E70100CBB110;
			remoteInfo = ContactJump;
		};
/* End PBXContainerItemProxy section */

/* Begin PBXFileReference section */
		9D00C0D518813AED002A6E3E /* check-box-disable.png */ = {isa = PBXFileReference; lastKnownFileType = image.png; path = "check-box-disable.png"; sourceTree = "<group>"; };
		9D00C0D718813AF4002A6E3E /* check-box.png */ = {isa = PBXFileReference; lastKnownFileType = image.png; path = "check-box.png"; sourceTree = "<group>"; };
		9D00C0D918813C44002A6E3E /* text-box.png */ = {isa = PBXFileReference; lastKnownFileType = image.png; path = "text-box.png"; sourceTree = "<group>"; };
		9D00C0DB18815316002A6E3E /* ContactGetSelectMethodViewController.h */ = {isa = PBXFileReference; fileEncoding = 4; lastKnownFileType = sourcecode.c.h; path = ContactGetSelectMethodViewController.h; sourceTree = "<group>"; };
		9D00C0DC18815316002A6E3E /* ContactGetSelectMethodViewController.m */ = {isa = PBXFileReference; fileEncoding = 4; lastKnownFileType = sourcecode.c.objc; path = ContactGetSelectMethodViewController.m; sourceTree = "<group>"; };
		9D05B25E1881F82300FD497D /* ContactReceivedViewController.h */ = {isa = PBXFileReference; fileEncoding = 4; lastKnownFileType = sourcecode.c.h; path = ContactReceivedViewController.h; sourceTree = "<group>"; };
		9D05B25F1881F82300FD497D /* ContactReceivedViewController.m */ = {isa = PBXFileReference; fileEncoding = 4; lastKnownFileType = sourcecode.c.objc; path = ContactReceivedViewController.m; sourceTree = "<group>"; };
		9D05B2621881FC7C00FD497D /* inbox-ixon.png */ = {isa = PBXFileReference; lastKnownFileType = image.png; path = "inbox-ixon.png"; sourceTree = "<group>"; };
		9D05B2641881FE0200FD497D /* arrow.png */ = {isa = PBXFileReference; lastKnownFileType = image.png; path = arrow.png; sourceTree = "<group>"; };
		9D05B26618820BF500FD497D /* ContactDetailesViewController.h */ = {isa = PBXFileReference; fileEncoding = 4; lastKnownFileType = sourcecode.c.h; path = ContactDetailesViewController.h; sourceTree = "<group>"; };
		9D05B26718820BF500FD497D /* ContactDetailesViewController.m */ = {isa = PBXFileReference; fileEncoding = 4; lastKnownFileType = sourcecode.c.objc; path = ContactDetailesViewController.m; sourceTree = "<group>"; };
		9D05B26A18820CEF00FD497D /* logount-icon.png */ = {isa = PBXFileReference; lastKnownFileType = image.png; path = "logount-icon.png"; sourceTree = "<group>"; };
		9D05B26C188213B000FD497D /* text=area.png */ = {isa = PBXFileReference; lastKnownFileType = image.png; path = "text=area.png"; sourceTree = "<group>"; };
		9D0742631877DAD80046DA0B /* Header-logo.png */ = {isa = PBXFileReference; lastKnownFileType = image.png; path = "Header-logo.png"; sourceTree = "<group>"; };
		9D0EFF27187884A9002A22CB /* SendContactsViewController.h */ = {isa = PBXFileReference; fileEncoding = 4; lastKnownFileType = sourcecode.c.h; path = SendContactsViewController.h; sourceTree = "<group>"; };
		9D0EFF28187884A9002A22CB /* SendContactsViewController.m */ = {isa = PBXFileReference; fileEncoding = 4; lastKnownFileType = sourcecode.c.objc; path = SendContactsViewController.m; sourceTree = "<group>"; };
		9D0EFF2A18788841002A22CB /* back-button.png */ = {isa = PBXFileReference; lastKnownFileType = image.png; path = "back-button.png"; sourceTree = "<group>"; };
		9D3A3963187E51C4002ABE81 /* SelectRecipientsViewController.h */ = {isa = PBXFileReference; fileEncoding = 4; lastKnownFileType = sourcecode.c.h; path = SelectRecipientsViewController.h; sourceTree = "<group>"; };
		9D3A3964187E51C4002ABE81 /* SelectRecipientsViewController.m */ = {isa = PBXFileReference; fileEncoding = 4; lastKnownFileType = sourcecode.c.objc; path = SelectRecipientsViewController.m; sourceTree = "<group>"; };
		9D3A3966187E6D15002ABE81 /* send-to-icon.png */ = {isa = PBXFileReference; lastKnownFileType = image.png; path = "send-to-icon.png"; sourceTree = "<group>"; };
		9D3A3968187E6D1A002ABE81 /* header-bg.png */ = {isa = PBXFileReference; lastKnownFileType = image.png; path = "header-bg.png"; sourceTree = "<group>"; };
		9D3A396A187E6D21002ABE81 /* add-note-box.png */ = {isa = PBXFileReference; lastKnownFileType = image.png; path = "add-note-box.png"; sourceTree = "<group>"; };
		9D3A396C187E6D28002ABE81 /* add-icon.png */ = {isa = PBXFileReference; lastKnownFileType = image.png; path = "add-icon.png"; sourceTree = "<group>"; };
		9D3F4CA21886DBD60078257D /* KxMenu.h */ = {isa = PBXFileReference; fileEncoding = 4; lastKnownFileType = sourcecode.c.h; path = KxMenu.h; sourceTree = "<group>"; };
		9D3F4CA31886DBD60078257D /* KxMenu.m */ = {isa = PBXFileReference; fileEncoding = 4; lastKnownFileType = sourcecode.c.objc; path = KxMenu.m; sourceTree = "<group>"; };
		9D3F4CA51886E47D0078257D /* ContactBackUpViewController.h */ = {isa = PBXFileReference; fileEncoding = 4; lastKnownFileType = sourcecode.c.h; path = ContactBackUpViewController.h; sourceTree = "<group>"; };
		9D3F4CA61886E47D0078257D /* ContactBackUpViewController.m */ = {isa = PBXFileReference; fileEncoding = 4; lastKnownFileType = sourcecode.c.objc; path = ContactBackUpViewController.m; sourceTree = "<group>"; };
		9D477AC9187A64030012EBB0 /* search-box-1.png */ = {isa = PBXFileReference; lastKnownFileType = image.png; path = "search-box-1.png"; sourceTree = "<group>"; };
		9D5797571877A632007BCF2E /* button-bg.png */ = {isa = PBXFileReference; lastKnownFileType = image.png; path = "button-bg.png"; sourceTree = "<group>"; };
		9D7C8BCB1877DDE80053BE91 /* setting-icon.png */ = {isa = PBXFileReference; lastKnownFileType = image.png; path = "setting-icon.png"; sourceTree = "<group>"; };
		9D7C8BCD1877E2AB0053BE91 /* send-contacts-icon.png */ = {isa = PBXFileReference; lastKnownFileType = image.png; path = "send-contacts-icon.png"; sourceTree = "<group>"; };
		9D7C8BCF1877E5140053BE91 /* sent-icon.png */ = {isa = PBXFileReference; lastKnownFileType = image.png; path = "sent-icon.png"; sourceTree = "<group>"; };
		9D7C8BD11877E6730053BE91 /* recieved-icon.png */ = {isa = PBXFileReference; lastKnownFileType = image.png; path = "recieved-icon.png"; sourceTree = "<group>"; };
		9D8F7A4E1885BF310094BE0F /* popbtn.png */ = {isa = PBXFileReference; lastKnownFileType = image.png; path = popbtn.png; sourceTree = "<group>"; };
		9D9152D3187730A900890E70 /* bulk-contacts-icon.png */ = {isa = PBXFileReference; lastKnownFileType = image.png; path = "bulk-contacts-icon.png"; sourceTree = "<group>"; };
		9D9152D51877329600890E70 /* get-contacts.png */ = {isa = PBXFileReference; lastKnownFileType = image.png; path = "get-contacts.png"; sourceTree = "<group>"; };
		9DEDEE03187C531300C809F9 /* cehck-box-active.png */ = {isa = PBXFileReference; lastKnownFileType = image.png; path = "cehck-box-active.png"; sourceTree = "<group>"; };
		9DEDEE05187C531900C809F9 /* check-box-inactive.png */ = {isa = PBXFileReference; lastKnownFileType = image.png; path = "check-box-inactive.png"; sourceTree = "<group>"; };
		9DEDEE07187C5ACC00C809F9 /* edit-icon.png */ = {isa = PBXFileReference; lastKnownFileType = image.png; path = "edit-icon.png"; sourceTree = "<group>"; };
		9DEDEE09187C782A00C809F9 /* SelectContact toShareViewController.h */ = {isa = PBXFileReference; fileEncoding = 4; lastKnownFileType = sourcecode.c.h; path = "SelectContact toShareViewController.h"; sourceTree = "<group>"; };
		9DEDEE0A187C782A00C809F9 /* SelectContact toShareViewController.m */ = {isa = PBXFileReference; fileEncoding = 4; lastKnownFileType = sourcecode.c.objc; path = "SelectContact toShareViewController.m"; sourceTree = "<group>"; };
		9DEDEE0C187C80DB00C809F9 /* button-bg1.png */ = {isa = PBXFileReference; lastKnownFileType = image.png; path = "button-bg1.png"; sourceTree = "<group>"; };
		9DEDEE0E187C879100C809F9 /* cancel.png */ = {isa = PBXFileReference; lastKnownFileType = image.png; path = cancel.png; sourceTree = "<group>"; };
		9DEDEE10187C879A00C809F9 /* done.png */ = {isa = PBXFileReference; lastKnownFileType = image.png; path = done.png; sourceTree = "<group>"; };
		9DEDEE12187C8C7E00C809F9 /* SelectShareMethodViewController.h */ = {isa = PBXFileReference; fileEncoding = 4; lastKnownFileType = sourcecode.c.h; path = SelectShareMethodViewController.h; sourceTree = "<group>"; };
		9DEDEE13187C8C7E00C809F9 /* SelectShareMethodViewController.m */ = {isa = PBXFileReference; fileEncoding = 4; lastKnownFileType = sourcecode.c.objc; path = SelectShareMethodViewController.m; sourceTree = "<group>"; };
		9DEDEE15187C8CAE00C809F9 /* ContactShareViaIDViewController.h */ = {isa = PBXFileReference; fileEncoding = 4; lastKnownFileType = sourcecode.c.h; path = ContactShareViaIDViewController.h; sourceTree = "<group>"; };
		9DEDEE16187C8CAE00C809F9 /* ContactShareViaIDViewController.m */ = {isa = PBXFileReference; fileEncoding = 4; lastKnownFileType = sourcecode.c.objc; path = ContactShareViaIDViewController.m; sourceTree = "<group>"; };
		9DF5DDBC187FB14B008B8AB7 /* shareimg.png */ = {isa = PBXFileReference; lastKnownFileType = image.png; path = shareimg.png; sourceTree = "<group>"; };
		9DF7497E1875E70100CBB110 /* ContactJump.app */ = {isa = PBXFileReference; explicitFileType = wrapper.application; includeInIndex = 0; path = ContactJump.app; sourceTree = BUILT_PRODUCTS_DIR; };
		9DF749811875E70100CBB110 /* Foundation.framework */ = {isa = PBXFileReference; lastKnownFileType = wrapper.framework; name = Foundation.framework; path = System/Library/Frameworks/Foundation.framework; sourceTree = SDKROOT; };
		9DF749831875E70100CBB110 /* CoreGraphics.framework */ = {isa = PBXFileReference; lastKnownFileType = wrapper.framework; name = CoreGraphics.framework; path = System/Library/Frameworks/CoreGraphics.framework; sourceTree = SDKROOT; };
		9DF749851875E70100CBB110 /* UIKit.framework */ = {isa = PBXFileReference; lastKnownFileType = wrapper.framework; name = UIKit.framework; path = System/Library/Frameworks/UIKit.framework; sourceTree = SDKROOT; };
		9DF749891875E70100CBB110 /* ContactJump-Info.plist */ = {isa = PBXFileReference; lastKnownFileType = text.plist.xml; path = "ContactJump-Info.plist"; sourceTree = "<group>"; };
		9DF7498B1875E70100CBB110 /* en */ = {isa = PBXFileReference; lastKnownFileType = text.plist.strings; name = en; path = en.lproj/InfoPlist.strings; sourceTree = "<group>"; };
		9DF7498D1875E70100CBB110 /* main.m */ = {isa = PBXFileReference; lastKnownFileType = sourcecode.c.objc; path = main.m; sourceTree = "<group>"; };
		9DF7498F1875E70100CBB110 /* ContactJump-Prefix.pch */ = {isa = PBXFileReference; lastKnownFileType = sourcecode.c.h; path = "ContactJump-Prefix.pch"; sourceTree = "<group>"; };
		9DF749901875E70100CBB110 /* ContactAppDelegate.h */ = {isa = PBXFileReference; lastKnownFileType = sourcecode.c.h; path = ContactAppDelegate.h; sourceTree = "<group>"; };
		9DF749911875E70100CBB110 /* ContactAppDelegate.m */ = {isa = PBXFileReference; lastKnownFileType = sourcecode.c.objc; path = ContactAppDelegate.m; sourceTree = "<group>"; };
		9DF749931875E70100CBB110 /* Images.xcassets */ = {isa = PBXFileReference; lastKnownFileType = folder.assetcatalog; path = Images.xcassets; sourceTree = "<group>"; };
		9DF749991875E70100CBB110 /* ContactJumpTests.xctest */ = {isa = PBXFileReference; explicitFileType = wrapper.cfbundle; includeInIndex = 0; path = ContactJumpTests.xctest; sourceTree = BUILT_PRODUCTS_DIR; };
		9DF7499A1875E70100CBB110 /* XCTest.framework */ = {isa = PBXFileReference; lastKnownFileType = wrapper.framework; name = XCTest.framework; path = Library/Frameworks/XCTest.framework; sourceTree = DEVELOPER_DIR; };
		9DF749A21875E70200CBB110 /* ContactJumpTests-Info.plist */ = {isa = PBXFileReference; lastKnownFileType = text.plist.xml; path = "ContactJumpTests-Info.plist"; sourceTree = "<group>"; };
		9DF749A41875E70200CBB110 /* en */ = {isa = PBXFileReference; lastKnownFileType = text.plist.strings; name = en; path = en.lproj/InfoPlist.strings; sourceTree = "<group>"; };
		9DF749A61875E70200CBB110 /* ContactJumpTests.m */ = {isa = PBXFileReference; lastKnownFileType = sourcecode.c.objc; path = ContactJumpTests.m; sourceTree = "<group>"; };
		9DF749B01875E73A00CBB110 /* ContactMainViewController.h */ = {isa = PBXFileReference; fileEncoding = 4; lastKnownFileType = sourcecode.c.h; path = ContactMainViewController.h; sourceTree = "<group>"; };
		9DF749B11875E73A00CBB110 /* ContactMainViewController.m */ = {isa = PBXFileReference; fileEncoding = 4; lastKnownFileType = sourcecode.c.objc; path = ContactMainViewController.m; sourceTree = "<group>"; };
		9DF749B41875E9E700CBB110 /* Min-bg.png */ = {isa = PBXFileReference; lastKnownFileType = image.png; path = "Min-bg.png"; sourceTree = "<group>"; };
		9DF749B61875EFDA00CBB110 /* seprator.png */ = {isa = PBXFileReference; lastKnownFileType = image.png; path = seprator.png; sourceTree = "<group>"; };
		DF4CDCAD188E58A3000B0075 /* ContactsSentViewController.h */ = {isa = PBXFileReference; fileEncoding = 4; lastKnownFileType = sourcecode.c.h; path = ContactsSentViewController.h; sourceTree = "<group>"; };
		DF4CDCAE188E58A3000B0075 /* ContactsSentViewController.m */ = {isa = PBXFileReference; fileEncoding = 4; lastKnownFileType = sourcecode.c.objc; path = ContactsSentViewController.m; sourceTree = "<group>"; };
		DF4CDCB0188E5B94000B0075 /* ContacsSentDetailsViewController.h */ = {isa = PBXFileReference; fileEncoding = 4; lastKnownFileType = sourcecode.c.h; path = ContacsSentDetailsViewController.h; sourceTree = "<group>"; };
		DF4CDCB1188E5B94000B0075 /* ContacsSentDetailsViewController.m */ = {isa = PBXFileReference; fileEncoding = 4; lastKnownFileType = sourcecode.c.objc; path = ContacsSentDetailsViewController.m; sourceTree = "<group>"; };
		DF4CDCB3188E7234000B0075 /* AddressBook.framework */ = {isa = PBXFileReference; lastKnownFileType = wrapper.framework; name = AddressBook.framework; path = System/Library/Frameworks/AddressBook.framework; sourceTree = SDKROOT; };
		DF4CDCB4188E7234000B0075 /* AddressBookUI.framework */ = {isa = PBXFileReference; lastKnownFileType = wrapper.framework; name = AddressBookUI.framework; path = System/Library/Frameworks/AddressBookUI.framework; sourceTree = SDKROOT; };
		DF4CDCB7188E779B000B0075 /* ContactGlobalDataClass.h */ = {isa = PBXFileReference; fileEncoding = 4; lastKnownFileType = sourcecode.c.h; path = ContactGlobalDataClass.h; sourceTree = "<group>"; };
		DF4CDCB8188E779B000B0075 /* ContactGlobalDataClass.m */ = {isa = PBXFileReference; fileEncoding = 4; lastKnownFileType = sourcecode.c.objc; path = ContactGlobalDataClass.m; sourceTree = "<group>"; };
/* End PBXFileReference section */

/* Begin PBXFrameworksBuildPhase section */
		9DF7497B1875E70100CBB110 /* Frameworks */ = {
			isa = PBXFrameworksBuildPhase;
			buildActionMask = 2147483647;
			files = (
				DF4CDCB5188E7234000B0075 /* AddressBook.framework in Frameworks */,
				DF4CDCB6188E7234000B0075 /* AddressBookUI.framework in Frameworks */,
				9DF749841875E70100CBB110 /* CoreGraphics.framework in Frameworks */,
				9DF749861875E70100CBB110 /* UIKit.framework in Frameworks */,
				9DF749821875E70100CBB110 /* Foundation.framework in Frameworks */,
			);
			runOnlyForDeploymentPostprocessing = 0;
		};
		9DF749961875E70100CBB110 /* Frameworks */ = {
			isa = PBXFrameworksBuildPhase;
			buildActionMask = 2147483647;
			files = (
				9DF7499B1875E70200CBB110 /* XCTest.framework in Frameworks */,
				9DF7499D1875E70200CBB110 /* UIKit.framework in Frameworks */,
				9DF7499C1875E70200CBB110 /* Foundation.framework in Frameworks */,
			);
			runOnlyForDeploymentPostprocessing = 0;
		};
/* End PBXFrameworksBuildPhase section */

/* Begin PBXGroup section */
		9D05B2591881DC4D00FD497D /* Main Class */ = {
			isa = PBXGroup;
			children = (
				9DF749B01875E73A00CBB110 /* ContactMainViewController.h */,
				9DF749B11875E73A00CBB110 /* ContactMainViewController.m */,
			);
			name = "Main Class";
			sourceTree = "<group>";
		};
		9D05B25A1881DF7E00FD497D /* Select Share to Contacts */ = {
			isa = PBXGroup;
			children = (
				9DEDEE09187C782A00C809F9 /* SelectContact toShareViewController.h */,
				9DEDEE0A187C782A00C809F9 /* SelectContact toShareViewController.m */,
			);
			name = "Select Share to Contacts";
			sourceTree = "<group>";
		};
		9D05B25B1881EAB700FD497D /* App Delegate Class */ = {
			isa = PBXGroup;
			children = (
				9DF749901875E70100CBB110 /* ContactAppDelegate.h */,
				9DF749911875E70100CBB110 /* ContactAppDelegate.m */,
				DF4CDCB7188E779B000B0075 /* ContactGlobalDataClass.h */,
				DF4CDCB8188E779B000B0075 /* ContactGlobalDataClass.m */,
			);
			name = "App Delegate Class";
			sourceTree = "<group>";
		};
		9D05B25C1881EAD300FD497D /* Select Recipients Class */ = {
			isa = PBXGroup;
			children = (
				9D3A3963187E51C4002ABE81 /* SelectRecipientsViewController.h */,
				9D3A3964187E51C4002ABE81 /* SelectRecipientsViewController.m */,
			);
			name = "Select Recipients Class";
			sourceTree = "<group>";
		};
		9D05B25D1881EDE700FD497D /* Select Share Method Class */ = {
			isa = PBXGroup;
			children = (
				9DEDEE12187C8C7E00C809F9 /* SelectShareMethodViewController.h */,
				9DEDEE13187C8C7E00C809F9 /* SelectShareMethodViewController.m */,
			);
			name = "Select Share Method Class";
			sourceTree = "<group>";
		};
		9D05B2611881F83000FD497D /* Received Contacts Class */ = {
			isa = PBXGroup;
			children = (
				9D05B25E1881F82300FD497D /* ContactReceivedViewController.h */,
				9D05B25F1881F82300FD497D /* ContactReceivedViewController.m */,
			);
			name = "Received Contacts Class";
			sourceTree = "<group>";
		};
		9D05B26918820BFC00FD497D /* Contact Details Class */ = {
			isa = PBXGroup;
			children = (
				9D05B26618820BF500FD497D /* ContactDetailesViewController.h */,
				9D05B26718820BF500FD497D /* ContactDetailesViewController.m */,
				DF4CDCB0188E5B94000B0075 /* ContacsSentDetailsViewController.h */,
				DF4CDCB1188E5B94000B0075 /* ContacsSentDetailsViewController.m */,
			);
			name = "Contact Details Class";
			sourceTree = "<group>";
		};
		9D05B26E18821EC300FD497D /* Add to Contact Class */ = {
			isa = PBXGroup;
			children = (
				9D0EFF27187884A9002A22CB /* SendContactsViewController.h */,
				9D0EFF28187884A9002A22CB /* SendContactsViewController.m */,
				DF4CDCAD188E58A3000B0075 /* ContactsSentViewController.h */,
				DF4CDCAE188E58A3000B0075 /* ContactsSentViewController.m */,
			);
			name = "Add to Contact Class";
			sourceTree = "<group>";
		};
		9DF749751875E70100CBB110 = {
			isa = PBXGroup;
			children = (
				9DF749871875E70100CBB110 /* ContactJump */,
				9DF749B31875E98500CBB110 /* Resources */,
				9DF749A01875E70200CBB110 /* ContactJumpTests */,
				9DF749801875E70100CBB110 /* Frameworks */,
				9DF7497F1875E70100CBB110 /* Products */,
			);
			sourceTree = "<group>";
		};
		9DF7497F1875E70100CBB110 /* Products */ = {
			isa = PBXGroup;
			children = (
				9DF7497E1875E70100CBB110 /* ContactJump.app */,
				9DF749991875E70100CBB110 /* ContactJumpTests.xctest */,
			);
			name = Products;
			sourceTree = "<group>";
		};
		9DF749801875E70100CBB110 /* Frameworks */ = {
			isa = PBXGroup;
			children = (
				DF4CDCB3188E7234000B0075 /* AddressBook.framework */,
				DF4CDCB4188E7234000B0075 /* AddressBookUI.framework */,
				9DF749811875E70100CBB110 /* Foundation.framework */,
				9DF749831875E70100CBB110 /* CoreGraphics.framework */,
				9DF749851875E70100CBB110 /* UIKit.framework */,
				9DF7499A1875E70100CBB110 /* XCTest.framework */,
			);
			name = Frameworks;
			sourceTree = "<group>";
		};
		9DF749871875E70100CBB110 /* ContactJump */ = {
			isa = PBXGroup;
			children = (
				9D3F4CA21886DBD60078257D /* KxMenu.h */,
				9D3F4CA31886DBD60078257D /* KxMenu.m */,
				9D8F7A4E1885BF310094BE0F /* popbtn.png */,
				9D05B25B1881EAB700FD497D /* App Delegate Class */,
				9D05B2591881DC4D00FD497D /* Main Class */,
				9D05B25A1881DF7E00FD497D /* Select Share to Contacts */,
				9D05B25C1881EAD300FD497D /* Select Recipients Class */,
				9D05B25D1881EDE700FD497D /* Select Share Method Class */,
				9D05B2611881F83000FD497D /* Received Contacts Class */,
				9D05B26918820BFC00FD497D /* Contact Details Class */,
				9D05B26E18821EC300FD497D /* Add to Contact Class */,
				9DFAFB1018823B0A0088E3C9 /* Contact Share ViaID Class */,
				9DFAFB0F18823AF00088E3C9 /* Contact Get Select Method */,
				9DF749931875E70100CBB110 /* Images.xcassets */,
				9DF749881875E70100CBB110 /* Supporting Files */,
			);
			path = ContactJump;
			sourceTree = "<group>";
		};
		9DF749881875E70100CBB110 /* Supporting Files */ = {
			isa = PBXGroup;
			children = (
				9DF749891875E70100CBB110 /* ContactJump-Info.plist */,
				9DF7498A1875E70100CBB110 /* InfoPlist.strings */,
				9DF7498D1875E70100CBB110 /* main.m */,
				9DF7498F1875E70100CBB110 /* ContactJump-Prefix.pch */,
			);
			name = "Supporting Files";
			sourceTree = "<group>";
		};
		9DF749A01875E70200CBB110 /* ContactJumpTests */ = {
			isa = PBXGroup;
			children = (
				9DF749A61875E70200CBB110 /* ContactJumpTests.m */,
				9DF749A11875E70200CBB110 /* Supporting Files */,
			);
			path = ContactJumpTests;
			sourceTree = "<group>";
		};
		9DF749A11875E70200CBB110 /* Supporting Files */ = {
			isa = PBXGroup;
			children = (
				9DF749A21875E70200CBB110 /* ContactJumpTests-Info.plist */,
				9DF749A31875E70200CBB110 /* InfoPlist.strings */,
			);
			name = "Supporting Files";
			sourceTree = "<group>";
		};
		9DF749B31875E98500CBB110 /* Resources */ = {
			isa = PBXGroup;
			children = (
				9D05B26C188213B000FD497D /* text=area.png */,
				9D05B26A18820CEF00FD497D /* logount-icon.png */,
				9D05B2641881FE0200FD497D /* arrow.png */,
				9D05B2621881FC7C00FD497D /* inbox-ixon.png */,
				9D00C0D918813C44002A6E3E /* text-box.png */,
				9D00C0D718813AF4002A6E3E /* check-box.png */,
				9D00C0D518813AED002A6E3E /* check-box-disable.png */,
				9DF5DDBC187FB14B008B8AB7 /* shareimg.png */,
				9D3A396C187E6D28002ABE81 /* add-icon.png */,
				9D3A396A187E6D21002ABE81 /* add-note-box.png */,
				9D3A3968187E6D1A002ABE81 /* header-bg.png */,
				9D3A3966187E6D15002ABE81 /* send-to-icon.png */,
				9DEDEE07187C5ACC00C809F9 /* edit-icon.png */,
				9DEDEE03187C531300C809F9 /* cehck-box-active.png */,
				9DEDEE05187C531900C809F9 /* check-box-inactive.png */,
				9DF749B41875E9E700CBB110 /* Min-bg.png */,
				9DF749B61875EFDA00CBB110 /* seprator.png */,
				9D5797571877A632007BCF2E /* button-bg.png */,
				9D0742631877DAD80046DA0B /* Header-logo.png */,
				9D7C8BCB1877DDE80053BE91 /* setting-icon.png */,
				9D7C8BCD1877E2AB0053BE91 /* send-contacts-icon.png */,
				9D7C8BCF1877E5140053BE91 /* sent-icon.png */,
				9D7C8BD11877E6730053BE91 /* recieved-icon.png */,
				9D9152D3187730A900890E70 /* bulk-contacts-icon.png */,
				9D9152D51877329600890E70 /* get-contacts.png */,
				9D0EFF2A18788841002A22CB /* back-button.png */,
				9D477AC9187A64030012EBB0 /* search-box-1.png */,
				9DEDEE0C187C80DB00C809F9 /* button-bg1.png */,
				9DEDEE0E187C879100C809F9 /* cancel.png */,
				9DEDEE10187C879A00C809F9 /* done.png */,
			);
			name = Resources;
			path = ContactJump;
			sourceTree = "<group>";
		};
		9DFAFB0F18823AF00088E3C9 /* Contact Get Select Method */ = {
			isa = PBXGroup;
			children = (
				9D00C0DB18815316002A6E3E /* ContactGetSelectMethodViewController.h */,
				9D00C0DC18815316002A6E3E /* ContactGetSelectMethodViewController.m */,
				9D3F4CA51886E47D0078257D /* ContactBackUpViewController.h */,
				9D3F4CA61886E47D0078257D /* ContactBackUpViewController.m */,
			);
			name = "Contact Get Select Method";
			sourceTree = "<group>";
		};
		9DFAFB1018823B0A0088E3C9 /* Contact Share ViaID Class */ = {
			isa = PBXGroup;
			children = (
				9DEDEE15187C8CAE00C809F9 /* ContactShareViaIDViewController.h */,
				9DEDEE16187C8CAE00C809F9 /* ContactShareViaIDViewController.m */,
			);
			name = "Contact Share ViaID Class";
			sourceTree = "<group>";
		};
/* End PBXGroup section */

/* Begin PBXNativeTarget section */
		9DF7497D1875E70100CBB110 /* ContactJump */ = {
			isa = PBXNativeTarget;
			buildConfigurationList = 9DF749AA1875E70200CBB110 /* Build configuration list for PBXNativeTarget "ContactJump" */;
			buildPhases = (
				9DF7497A1875E70100CBB110 /* Sources */,
				9DF7497B1875E70100CBB110 /* Frameworks */,
				9DF7497C1875E70100CBB110 /* Resources */,
			);
			buildRules = (
			);
			dependencies = (
			);
			name = ContactJump;
			productName = ContactJump;
			productReference = 9DF7497E1875E70100CBB110 /* ContactJump.app */;
			productType = "com.apple.product-type.application";
		};
		9DF749981875E70100CBB110 /* ContactJumpTests */ = {
			isa = PBXNativeTarget;
			buildConfigurationList = 9DF749AD1875E70200CBB110 /* Build configuration list for PBXNativeTarget "ContactJumpTests" */;
			buildPhases = (
				9DF749951875E70100CBB110 /* Sources */,
				9DF749961875E70100CBB110 /* Frameworks */,
				9DF749971875E70100CBB110 /* Resources */,
			);
			buildRules = (
			);
			dependencies = (
				9DF7499F1875E70200CBB110 /* PBXTargetDependency */,
			);
			name = ContactJumpTests;
			productName = ContactJumpTests;
			productReference = 9DF749991875E70100CBB110 /* ContactJumpTests.xctest */;
			productType = "com.apple.product-type.bundle.unit-test";
		};
/* End PBXNativeTarget section */

/* Begin PBXProject section */
		9DF749761875E70100CBB110 /* Project object */ = {
			isa = PBXProject;
			attributes = {
				CLASSPREFIX = Contact;
				LastUpgradeCheck = 0500;
				ORGANIZATIONNAME = iyasoft;
				TargetAttributes = {
					9DF749981875E70100CBB110 = {
						TestTargetID = 9DF7497D1875E70100CBB110;
					};
				};
			};
			buildConfigurationList = 9DF749791875E70100CBB110 /* Build configuration list for PBXProject "ContactJump" */;
			compatibilityVersion = "Xcode 3.2";
			developmentRegion = English;
			hasScannedForEncodings = 0;
			knownRegions = (
				en,
			);
			mainGroup = 9DF749751875E70100CBB110;
			productRefGroup = 9DF7497F1875E70100CBB110 /* Products */;
			projectDirPath = "";
			projectRoot = "";
			targets = (
				9DF7497D1875E70100CBB110 /* ContactJump */,
				9DF749981875E70100CBB110 /* ContactJumpTests */,
			);
		};
/* End PBXProject section */

/* Begin PBXResourcesBuildPhase section */
		9DF7497C1875E70100CBB110 /* Resources */ = {
			isa = PBXResourcesBuildPhase;
			buildActionMask = 2147483647;
			files = (
				9DF7498C1875E70100CBB110 /* InfoPlist.strings in Resources */,
				9DEDEE11187C879B00C809F9 /* done.png in Resources */,
				9D5797581877A632007BCF2E /* button-bg.png in Resources */,
				9D9152D4187730A900890E70 /* bulk-contacts-icon.png in Resources */,
				9DEDEE04187C531300C809F9 /* cehck-box-active.png in Resources */,
				9D9152D61877329600890E70 /* get-contacts.png in Resources */,
				9D05B2631881FC7C00FD497D /* inbox-ixon.png in Resources */,
				9D8F7A4F1885BF310094BE0F /* popbtn.png in Resources */,
				9D7C8BCC1877DDE90053BE91 /* setting-icon.png in Resources */,
				9D477ACA187A64030012EBB0 /* search-box-1.png in Resources */,
				9D05B26B18820CEF00FD497D /* logount-icon.png in Resources */,
				9D3A396B187E6D21002ABE81 /* add-note-box.png in Resources */,
				9D3A3967187E6D15002ABE81 /* send-to-icon.png in Resources */,
				9D00C0D818813AF4002A6E3E /* check-box.png in Resources */,
				9DF5DDBD187FB14B008B8AB7 /* shareimg.png in Resources */,
				9D05B2651881FE0200FD497D /* arrow.png in Resources */,
				9D00C0D618813AED002A6E3E /* check-box-disable.png in Resources */,
				9DEDEE08187C5ACC00C809F9 /* edit-icon.png in Resources */,
				9D0EFF2B18788841002A22CB /* back-button.png in Resources */,
				9D3A3969187E6D1A002ABE81 /* header-bg.png in Resources */,
				9DF749941875E70100CBB110 /* Images.xcassets in Resources */,
				9D3A396D187E6D28002ABE81 /* add-icon.png in Resources */,
				9DEDEE0F187C879100C809F9 /* cancel.png in Resources */,
				9D0742641877DAD80046DA0B /* Header-logo.png in Resources */,
				9D7C8BD21877E6730053BE91 /* recieved-icon.png in Resources */,
				9DEDEE0D187C80DB00C809F9 /* button-bg1.png in Resources */,
				9D7C8BCE1877E2AB0053BE91 /* send-contacts-icon.png in Resources */,
				9DF749B51875E9E700CBB110 /* Min-bg.png in Resources */,
				9D05B26D188213B000FD497D /* text=area.png in Resources */,
				9DEDEE06187C531900C809F9 /* check-box-inactive.png in Resources */,
				9DF749B71875EFDA00CBB110 /* seprator.png in Resources */,
				9D00C0DA18813C44002A6E3E /* text-box.png in Resources */,
				9D7C8BD01877E5140053BE91 /* sent-icon.png in Resources */,
			);
			runOnlyForDeploymentPostprocessing = 0;
		};
		9DF749971875E70100CBB110 /* Resources */ = {
			isa = PBXResourcesBuildPhase;
			buildActionMask = 2147483647;
			files = (
				9DF749A51875E70200CBB110 /* InfoPlist.strings in Resources */,
			);
			runOnlyForDeploymentPostprocessing = 0;
		};
/* End PBXResourcesBuildPhase section */

/* Begin PBXSourcesBuildPhase section */
		9DF7497A1875E70100CBB110 /* Sources */ = {
			isa = PBXSourcesBuildPhase;
			buildActionMask = 2147483647;
			files = (
				DF4CDCB9188E779B000B0075 /* ContactGlobalDataClass.m in Sources */,
				9D3F4CA71886E47D0078257D /* ContactBackUpViewController.m in Sources */,
				DF4CDCB2188E5B94000B0075 /* ContacsSentDetailsViewController.m in Sources */,
				9D05B26818820BF500FD497D /* ContactDetailesViewController.m in Sources */,
				9DF749B21875E73A00CBB110 /* ContactMainViewController.m in Sources */,
				9DF7498E1875E70100CBB110 /* main.m in Sources */,
				9D00C0DD18815316002A6E3E /* ContactGetSelectMethodViewController.m in Sources */,
				9D05B2601881F82300FD497D /* ContactReceivedViewController.m in Sources */,
				9DF749921875E70100CBB110 /* ContactAppDelegate.m in Sources */,
				9D0EFF29187884A9002A22CB /* SendContactsViewController.m in Sources */,
				9D3F4CA41886DBD60078257D /* KxMenu.m in Sources */,
				DF4CDCAF188E58A3000B0075 /* ContactsSentViewController.m in Sources */,
				9DEDEE17187C8CAE00C809F9 /* ContactShareViaIDViewController.m in Sources */,
				9DEDEE14187C8C7E00C809F9 /* SelectShareMethodViewController.m in Sources */,
				9DEDEE0B187C782A00C809F9 /* SelectContact toShareViewController.m in Sources */,
				9D3A3965187E51C4002ABE81 /* SelectRecipientsViewController.m in Sources */,
			);
			runOnlyForDeploymentPostprocessing = 0;
		};
		9DF749951875E70100CBB110 /* Sources */ = {
			isa = PBXSourcesBuildPhase;
			buildActionMask = 2147483647;
			files = (
				9DF749A71875E70200CBB110 /* ContactJumpTests.m in Sources */,
			);
			runOnlyForDeploymentPostprocessing = 0;
		};
/* End PBXSourcesBuildPhase section */

/* Begin PBXTargetDependency section */
		9DF7499F1875E70200CBB110 /* PBXTargetDependency */ = {
			isa = PBXTargetDependency;
			target = 9DF7497D1875E70100CBB110 /* ContactJump */;
			targetProxy = 9DF7499E1875E70200CBB110 /* PBXContainerItemProxy */;
		};
/* End PBXTargetDependency section */

/* Begin PBXVariantGroup section */
		9DF7498A1875E70100CBB110 /* InfoPlist.strings */ = {
			isa = PBXVariantGroup;
			children = (
				9DF7498B1875E70100CBB110 /* en */,
			);
			name = InfoPlist.strings;
			sourceTree = "<group>";
		};
		9DF749A31875E70200CBB110 /* InfoPlist.strings */ = {
			isa = PBXVariantGroup;
			children = (
				9DF749A41875E70200CBB110 /* en */,
			);
			name = InfoPlist.strings;
			sourceTree = "<group>";
		};
/* End PBXVariantGroup section */

/* Begin XCBuildConfiguration section */
		9DF749A81875E70200CBB110 /* Debug */ = {
			isa = XCBuildConfiguration;
			buildSettings = {
				ALWAYS_SEARCH_USER_PATHS = NO;
				ARCHS = "$(ARCHS_STANDARD_INCLUDING_64_BIT)";
				CLANG_CXX_LANGUAGE_STANDARD = "gnu++0x";
				CLANG_CXX_LIBRARY = "libc++";
				CLANG_ENABLE_MODULES = YES;
				CLANG_ENABLE_OBJC_ARC = YES;
				CLANG_WARN_BOOL_CONVERSION = YES;
				CLANG_WARN_CONSTANT_CONVERSION = YES;
				CLANG_WARN_DIRECT_OBJC_ISA_USAGE = YES_ERROR;
				CLANG_WARN_EMPTY_BODY = YES;
				CLANG_WARN_ENUM_CONVERSION = YES;
				CLANG_WARN_INT_CONVERSION = YES;
				CLANG_WARN_OBJC_ROOT_CLASS = YES_ERROR;
				CLANG_WARN__DUPLICATE_METHOD_MATCH = YES;
				CODE_SIGN_IDENTITY = "iPhone Developer: Satayender Chaudhary (CVU3K3489X)";
				"CODE_SIGN_IDENTITY[sdk=iphoneos*]" = "iPhone Developer: Satayender Chaudhary (CVU3K3489X)";
				COPY_PHASE_STRIP = NO;
				GCC_C_LANGUAGE_STANDARD = gnu99;
				GCC_DYNAMIC_NO_PIC = NO;
				GCC_OPTIMIZATION_LEVEL = 0;
				GCC_PREPROCESSOR_DEFINITIONS = (
					"DEBUG=1",
					"$(inherited)",
				);
				GCC_SYMBOLS_PRIVATE_EXTERN = NO;
				GCC_WARN_64_TO_32_BIT_CONVERSION = YES;
				GCC_WARN_ABOUT_RETURN_TYPE = YES_ERROR;
				GCC_WARN_UNDECLARED_SELECTOR = YES;
				GCC_WARN_UNINITIALIZED_AUTOS = YES;
				GCC_WARN_UNUSED_FUNCTION = YES;
				GCC_WARN_UNUSED_VARIABLE = YES;
				IPHONEOS_DEPLOYMENT_TARGET = 7.0;
				ONLY_ACTIVE_ARCH = YES;
				PROVISIONING_PROFILE = "6A73DD63-E33F-4E0C-A473-4CA7391C668A";
				SDKROOT = iphoneos;
			};
			name = Debug;
		};
		9DF749A91875E70200CBB110 /* Release */ = {
			isa = XCBuildConfiguration;
			buildSettings = {
				ALWAYS_SEARCH_USER_PATHS = NO;
				ARCHS = "$(ARCHS_STANDARD_INCLUDING_64_BIT)";
				CLANG_CXX_LANGUAGE_STANDARD = "gnu++0x";
				CLANG_CXX_LIBRARY = "libc++";
				CLANG_ENABLE_MODULES = YES;
				CLANG_ENABLE_OBJC_ARC = YES;
				CLANG_WARN_BOOL_CONVERSION = YES;
				CLANG_WARN_CONSTANT_CONVERSION = YES;
				CLANG_WARN_DIRECT_OBJC_ISA_USAGE = YES_ERROR;
				CLANG_WARN_EMPTY_BODY = YES;
				CLANG_WARN_ENUM_CONVERSION = YES;
				CLANG_WARN_INT_CONVERSION = YES;
				CLANG_WARN_OBJC_ROOT_CLASS = YES_ERROR;
				CLANG_WARN__DUPLICATE_METHOD_MATCH = YES;
				CODE_SIGN_IDENTITY = "iPhone Developer: Satayender Chaudhary (CVU3K3489X)";
				"CODE_SIGN_IDENTITY[sdk=iphoneos*]" = "iPhone Developer: Satayender Chaudhary (CVU3K3489X)";
				COPY_PHASE_STRIP = YES;
				ENABLE_NS_ASSERTIONS = NO;
				GCC_C_LANGUAGE_STANDARD = gnu99;
				GCC_WARN_64_TO_32_BIT_CONVERSION = YES;
				GCC_WARN_ABOUT_RETURN_TYPE = YES_ERROR;
				GCC_WARN_UNDECLARED_SELECTOR = YES;
				GCC_WARN_UNINITIALIZED_AUTOS = YES;
				GCC_WARN_UNUSED_FUNCTION = YES;
				GCC_WARN_UNUSED_VARIABLE = YES;
				IPHONEOS_DEPLOYMENT_TARGET = 7.0;
				PROVISIONING_PROFILE = "6A73DD63-E33F-4E0C-A473-4CA7391C668A";
				SDKROOT = iphoneos;
				VALIDATE_PRODUCT = YES;
			};
			name = Release;
		};
		9DF749AB1875E70200CBB110 /* Debug */ = {
			isa = XCBuildConfiguration;
			buildSettings = {
				ASSETCATALOG_COMPILER_APPICON_NAME = AppIcon;
				ASSETCATALOG_COMPILER_LAUNCHIMAGE_NAME = LaunchImage;
				CLANG_ENABLE_OBJC_ARC = YES;
				CODE_SIGN_IDENTITY = "iPhone Developer: Satayender Chaudhary (CVU3K3489X)";
				"CODE_SIGN_IDENTITY[sdk=iphoneos*]" = "iPhone Developer: Satayender Chaudhary (CVU3K3489X)";
				GCC_PRECOMPILE_PREFIX_HEADER = YES;
				GCC_PREFIX_HEADER = "ContactJump/ContactJump-Prefix.pch";
				INFOPLIST_FILE = "ContactJump/ContactJump-Info.plist";
				IPHONEOS_DEPLOYMENT_TARGET = 5.1;
				PRODUCT_NAME = "$(TARGET_NAME)";
				PROVISIONING_PROFILE = "6A73DD63-E33F-4E0C-A473-4CA7391C668A";
				TARGETED_DEVICE_FAMILY = 1;
				WRAPPER_EXTENSION = app;
			};
			name = Debug;
		};
		9DF749AC1875E70200CBB110 /* Release */ = {
			isa = XCBuildConfiguration;
			buildSettings = {
				ASSETCATALOG_COMPILER_APPICON_NAME = AppIcon;
				ASSETCATALOG_COMPILER_LAUNCHIMAGE_NAME = LaunchImage;
				CLANG_ENABLE_OBJC_ARC = YES;
				CODE_SIGN_IDENTITY = "iPhone Developer: Satayender Chaudhary (CVU3K3489X)";
				"CODE_SIGN_IDENTITY[sdk=iphoneos*]" = "iPhone Developer: Satayender Chaudhary (CVU3K3489X)";
				GCC_PRECOMPILE_PREFIX_HEADER = YES;
				GCC_PREFIX_HEADER = "ContactJump/ContactJump-Prefix.pch";
				INFOPLIST_FILE = "ContactJump/ContactJump-Info.plist";
				IPHONEOS_DEPLOYMENT_TARGET = 5.1;
				PRODUCT_NAME = "$(TARGET_NAME)";
				PROVISIONING_PROFILE = "6A73DD63-E33F-4E0C-A473-4CA7391C668A";
				TARGETED_DEVICE_FAMILY = 1;
				WRAPPER_EXTENSION = app;
			};
			name = Release;
		};
		9DF749AE1875E70200CBB110 /* Debug */ = {
			isa = XCBuildConfiguration;
			buildSettings = {
				ARCHS = "$(ARCHS_STANDARD_INCLUDING_64_BIT)";
				BUNDLE_LOADER = "$(BUILT_PRODUCTS_DIR)/ContactJump.app/ContactJump";
				FRAMEWORK_SEARCH_PATHS = (
					"$(SDKROOT)/Developer/Library/Frameworks",
					"$(inherited)",
					"$(DEVELOPER_FRAMEWORKS_DIR)",
				);
				GCC_PRECOMPILE_PREFIX_HEADER = YES;
				GCC_PREFIX_HEADER = "ContactJump/ContactJump-Prefix.pch";
				GCC_PREPROCESSOR_DEFINITIONS = (
					"DEBUG=1",
					"$(inherited)",
				);
				INFOPLIST_FILE = "ContactJumpTests/ContactJumpTests-Info.plist";
				PRODUCT_NAME = "$(TARGET_NAME)";
				TEST_HOST = "$(BUNDLE_LOADER)";
				WRAPPER_EXTENSION = xctest;
			};
			name = Debug;
		};
		9DF749AF1875E70200CBB110 /* Release */ = {
			isa = XCBuildConfiguration;
			buildSettings = {
				ARCHS = "$(ARCHS_STANDARD_INCLUDING_64_BIT)";
				BUNDLE_LOADER = "$(BUILT_PRODUCTS_DIR)/ContactJump.app/ContactJump";
				FRAMEWORK_SEARCH_PATHS = (
					"$(SDKROOT)/Developer/Library/Frameworks",
					"$(inherited)",
					"$(DEVELOPER_FRAMEWORKS_DIR)",
				);
				GCC_PRECOMPILE_PREFIX_HEADER = YES;
				GCC_PREFIX_HEADER = "ContactJump/ContactJump-Prefix.pch";
				INFOPLIST_FILE = "ContactJumpTests/ContactJumpTests-Info.plist";
				PRODUCT_NAME = "$(TARGET_NAME)";
				TEST_HOST = "$(BUNDLE_LOADER)";
				WRAPPER_EXTENSION = xctest;
			};
			name = Release;
		};
/* End XCBuildConfiguration section */

/* Begin XCConfigurationList section */
		9DF749791875E70100CBB110 /* Build configuration list for PBXProject "ContactJump" */ = {
			isa = XCConfigurationList;
			buildConfigurations = (
				9DF749A81875E70200CBB110 /* Debug */,
				9DF749A91875E70200CBB110 /* Release */,
			);
			defaultConfigurationIsVisible = 0;
			defaultConfigurationName = Release;
		};
		9DF749AA1875E70200CBB110 /* Build configuration list for PBXNativeTarget "ContactJump" */ = {
			isa = XCConfigurationList;
			buildConfigurations = (
				9DF749AB1875E70200CBB110 /* Debug */,
				9DF749AC1875E70200CBB110 /* Release */,
			);
			defaultConfigurationIsVisible = 0;
			defaultConfigurationName = Release;
		};
		9DF749AD1875E70200CBB110 /* Build configuration list for PBXNativeTarget "ContactJumpTests" */ = {
			isa = XCConfigurationList;
			buildConfigurations = (
				9DF749AE1875E70200CBB110 /* Debug */,
				9DF749AF1875E70200CBB110 /* Release */,
			);
			defaultConfigurationIsVisible = 0;
			defaultConfigurationName = Release;
		};
/* End XCConfigurationList section */
	};
	rootObject = 9DF749761875E70100CBB110 /* Project object */;
}
